// !$*UTF8*$!
{
	archiveVersion = 1;
	classes = {
	};
	objectVersion = 46;
	objects = {

/* Begin PBXBuildFile section */
		07D938FCDAB4FB66B63B5C57 /* libPods-AllychatDemo.a in Frameworks */ = {isa = PBXBuildFile; fileRef = DEC3ADDD89AA4D5B505F9227 /* libPods-AllychatDemo.a */; };
		1B6D19981BDD4943000E32D4 /* main.m in Sources */ = {isa = PBXBuildFile; fileRef = 1B6D19971BDD4943000E32D4 /* main.m */; };
		1B6D199B1BDD4943000E32D4 /* AppDelegate.m in Sources */ = {isa = PBXBuildFile; fileRef = 1B6D199A1BDD4943000E32D4 /* AppDelegate.m */; };
		1B6D19A11BDD4943000E32D4 /* Main.storyboard in Resources */ = {isa = PBXBuildFile; fileRef = 1B6D199F1BDD4943000E32D4 /* Main.storyboard */; };
		1B6D19A31BDD4943000E32D4 /* Assets.xcassets in Resources */ = {isa = PBXBuildFile; fileRef = 1B6D19A21BDD4943000E32D4 /* Assets.xcassets */; };
		1B6D19A61BDD4943000E32D4 /* LaunchScreen.storyboard in Resources */ = {isa = PBXBuildFile; fileRef = 1B6D19A41BDD4943000E32D4 /* LaunchScreen.storyboard */; };
		1B9999AF1BDDCAD900CC442B /* ChatRoomsViewController.m in Sources */ = {isa = PBXBuildFile; fileRef = 1B9999AA1BDDCAD900CC442B /* ChatRoomsViewController.m */; };
		1B9999B01BDDCAD900CC442B /* LoginViewController.m in Sources */ = {isa = PBXBuildFile; fileRef = 1B9999AC1BDDCAD900CC442B /* LoginViewController.m */; };
		1B9999B11BDDCAD900CC442B /* MessagesViewController.m in Sources */ = {isa = PBXBuildFile; fileRef = 1B9999AE1BDDCAD900CC442B /* MessagesViewController.m */; };
		1B9999B61BDDCAF900CC442B /* ACRoomTableViewCell.m in Sources */ = {isa = PBXBuildFile; fileRef = 1B9999B31BDDCAF900CC442B /* ACRoomTableViewCell.m */; };
		1B9999B71BDDCAF900CC442B /* AllyChatMessage.m in Sources */ = {isa = PBXBuildFile; fileRef = 1B9999B51BDDCAF900CC442B /* AllyChatMessage.m */; };
		1BCEA8FD1BE121850052B063 /* AllychatSDK.framework in Frameworks */ = {isa = PBXBuildFile; fileRef = 1BCEA8FC1BE121850052B063 /* AllychatSDK.framework */; };
		FA0C73A81BDFBAE20057CB7D /* Foundation.framework in Frameworks */ = {isa = PBXBuildFile; fileRef = FA0C73A71BDFBAE10057CB7D /* Foundation.framework */; };
/* End PBXBuildFile section */

/* Begin PBXFileReference section */
		1B6D19931BDD4942000E32D4 /* AllychatDemo.app */ = {isa = PBXFileReference; explicitFileType = wrapper.application; includeInIndex = 0; path = AllychatDemo.app; sourceTree = BUILT_PRODUCTS_DIR; };
		1B6D19971BDD4943000E32D4 /* main.m */ = {isa = PBXFileReference; lastKnownFileType = sourcecode.c.objc; path = main.m; sourceTree = "<group>"; };
		1B6D19991BDD4943000E32D4 /* AppDelegate.h */ = {isa = PBXFileReference; lastKnownFileType = sourcecode.c.h; path = AppDelegate.h; sourceTree = "<group>"; };
		1B6D199A1BDD4943000E32D4 /* AppDelegate.m */ = {isa = PBXFileReference; lastKnownFileType = sourcecode.c.objc; path = AppDelegate.m; sourceTree = "<group>"; };
		1B6D19A01BDD4943000E32D4 /* Base */ = {isa = PBXFileReference; lastKnownFileType = file.storyboard; name = Base; path = Base.lproj/Main.storyboard; sourceTree = "<group>"; };
		1B6D19A21BDD4943000E32D4 /* Assets.xcassets */ = {isa = PBXFileReference; lastKnownFileType = folder.assetcatalog; path = Assets.xcassets; sourceTree = "<group>"; };
		1B6D19A51BDD4943000E32D4 /* Base */ = {isa = PBXFileReference; lastKnownFileType = file.storyboard; name = Base; path = Base.lproj/LaunchScreen.storyboard; sourceTree = "<group>"; };
		1B6D19A71BDD4943000E32D4 /* Info.plist */ = {isa = PBXFileReference; lastKnownFileType = text.plist.xml; path = Info.plist; sourceTree = "<group>"; };
		1B9999A91BDDCAD900CC442B /* ChatRoomsViewController.h */ = {isa = PBXFileReference; fileEncoding = 4; lastKnownFileType = sourcecode.c.h; path = ChatRoomsViewController.h; sourceTree = "<group>"; };
		1B9999AA1BDDCAD900CC442B /* ChatRoomsViewController.m */ = {isa = PBXFileReference; fileEncoding = 4; lastKnownFileType = sourcecode.c.objc; path = ChatRoomsViewController.m; sourceTree = "<group>"; };
		1B9999AB1BDDCAD900CC442B /* LoginViewController.h */ = {isa = PBXFileReference; fileEncoding = 4; lastKnownFileType = sourcecode.c.h; path = LoginViewController.h; sourceTree = "<group>"; };
		1B9999AC1BDDCAD900CC442B /* LoginViewController.m */ = {isa = PBXFileReference; fileEncoding = 4; lastKnownFileType = sourcecode.c.objc; path = LoginViewController.m; sourceTree = "<group>"; };
		1B9999AD1BDDCAD900CC442B /* MessagesViewController.h */ = {isa = PBXFileReference; fileEncoding = 4; lastKnownFileType = sourcecode.c.h; path = MessagesViewController.h; sourceTree = "<group>"; };
		1B9999AE1BDDCAD900CC442B /* MessagesViewController.m */ = {isa = PBXFileReference; fileEncoding = 4; lastKnownFileType = sourcecode.c.objc; path = MessagesViewController.m; sourceTree = "<group>"; };
		1B9999B21BDDCAF900CC442B /* ACRoomTableViewCell.h */ = {isa = PBXFileReference; fileEncoding = 4; lastKnownFileType = sourcecode.c.h; path = ACRoomTableViewCell.h; sourceTree = "<group>"; };
		1B9999B31BDDCAF900CC442B /* ACRoomTableViewCell.m */ = {isa = PBXFileReference; fileEncoding = 4; lastKnownFileType = sourcecode.c.objc; path = ACRoomTableViewCell.m; sourceTree = "<group>"; };
		1B9999B41BDDCAF900CC442B /* AllyChatMessage.h */ = {isa = PBXFileReference; fileEncoding = 4; lastKnownFileType = sourcecode.c.h; path = AllyChatMessage.h; sourceTree = "<group>"; };
		1B9999B51BDDCAF900CC442B /* AllyChatMessage.m */ = {isa = PBXFileReference; fileEncoding = 4; lastKnownFileType = sourcecode.c.objc; path = AllyChatMessage.m; sourceTree = "<group>"; };
		1B9999BD1BDDCC0B00CC442B /* PrefixHeader.pch */ = {isa = PBXFileReference; fileEncoding = 4; lastKnownFileType = sourcecode.c.h; name = PrefixHeader.pch; path = ../PrefixHeader.pch; sourceTree = "<group>"; };
		1BCEA8FC1BE121850052B063 /* AllychatSDK.framework */ = {isa = PBXFileReference; lastKnownFileType = wrapper.framework; path = AllychatSDK.framework; sourceTree = "<group>"; };
		870645A364CE88906CE2C80A /* Pods-AllychatDemo.release.xcconfig */ = {isa = PBXFileReference; includeInIndex = 1; lastKnownFileType = text.xcconfig; name = "Pods-AllychatDemo.release.xcconfig"; path = "Pods/Target Support Files/Pods-AllychatDemo/Pods-AllychatDemo.release.xcconfig"; sourceTree = "<group>"; };
		C46DE51C45F549D10C8CD731 /* Pods-AllychatDemo.debug.xcconfig */ = {isa = PBXFileReference; includeInIndex = 1; lastKnownFileType = text.xcconfig; name = "Pods-AllychatDemo.debug.xcconfig"; path = "Pods/Target Support Files/Pods-AllychatDemo/Pods-AllychatDemo.debug.xcconfig"; sourceTree = "<group>"; };
		DEC3ADDD89AA4D5B505F9227 /* libPods-AllychatDemo.a */ = {isa = PBXFileReference; explicitFileType = archive.ar; includeInIndex = 0; path = "libPods-AllychatDemo.a"; sourceTree = BUILT_PRODUCTS_DIR; };
		FA0C73A71BDFBAE10057CB7D /* Foundation.framework */ = {isa = PBXFileReference; lastKnownFileType = wrapper.framework; name = Foundation.framework; path = System/Library/Frameworks/Foundation.framework; sourceTree = SDKROOT; };
/* End PBXFileReference section */

/* Begin PBXFrameworksBuildPhase section */
		1B6D19901BDD4942000E32D4 /* Frameworks */ = {
			isa = PBXFrameworksBuildPhase;
			buildActionMask = 2147483647;
			files = (
				1BCEA8FD1BE121850052B063 /* AllychatSDK.framework in Frameworks */,
				FA0C73A81BDFBAE20057CB7D /* Foundation.framework in Frameworks */,
				07D938FCDAB4FB66B63B5C57 /* libPods-AllychatDemo.a in Frameworks */,
			);
			runOnlyForDeploymentPostprocessing = 0;
		};
/* End PBXFrameworksBuildPhase section */

/* Begin PBXGroup section */
		1B6D198A1BDD4942000E32D4 = {
			isa = PBXGroup;
			children = (
				1B6D19951BDD4943000E32D4 /* AllychatDemo */,
				1B6D19941BDD4942000E32D4 /* Products */,
				56C09F7C52FEE079AE0C6A07 /* Pods */,
				3C8659EA32288E2EAA7A8379 /* Frameworks */,
			);
			sourceTree = "<group>";
		};
		1B6D19941BDD4942000E32D4 /* Products */ = {
			isa = PBXGroup;
			children = (
				1B6D19931BDD4942000E32D4 /* AllychatDemo.app */,
			);
			name = Products;
			sourceTree = "<group>";
		};
		1B6D19951BDD4943000E32D4 /* AllychatDemo */ = {
			isa = PBXGroup;
			children = (
				1B9999A81BDDCAD900CC442B /* ViewControllers */,
				1B6D19991BDD4943000E32D4 /* AppDelegate.h */,
				1B6D199A1BDD4943000E32D4 /* AppDelegate.m */,
				1B6D199F1BDD4943000E32D4 /* Main.storyboard */,
				1B6D19A21BDD4943000E32D4 /* Assets.xcassets */,
				1B6D19A41BDD4943000E32D4 /* LaunchScreen.storyboard */,
				1B6D19A71BDD4943000E32D4 /* Info.plist */,
				1B6D19961BDD4943000E32D4 /* Supporting Files */,
			);
			path = AllychatDemo;
			sourceTree = "<group>";
		};
		1B6D19961BDD4943000E32D4 /* Supporting Files */ = {
			isa = PBXGroup;
			children = (
				1B9999BD1BDDCC0B00CC442B /* PrefixHeader.pch */,
				1B6D19971BDD4943000E32D4 /* main.m */,
			);
			name = "Supporting Files";
			sourceTree = "<group>";
		};
		1B9999A81BDDCAD900CC442B /* ViewControllers */ = {
			isa = PBXGroup;
			children = (
				1B9999BA1BDDCB1700CC442B /* LoginViewController */,
				1B9999BB1BDDCB1E00CC442B /* ChatRoomsViewController */,
				1B9999B91BDDCB0D00CC442B /* MessagesViewController */,
			);
			path = ViewControllers;
			sourceTree = "<group>";
		};
		1B9999B81BDDCAFE00CC442B /* AllyChatMessage */ = {
			isa = PBXGroup;
			children = (
				1B9999B41BDDCAF900CC442B /* AllyChatMessage.h */,
				1B9999B51BDDCAF900CC442B /* AllyChatMessage.m */,
			);
			name = AllyChatMessage;
			path = ..;
			sourceTree = "<group>";
		};
		1B9999B91BDDCB0D00CC442B /* MessagesViewController */ = {
			isa = PBXGroup;
			children = (
				1B9999AD1BDDCAD900CC442B /* MessagesViewController.h */,
				1B9999AE1BDDCAD900CC442B /* MessagesViewController.m */,
				1B9999B81BDDCAFE00CC442B /* AllyChatMessage */,
			);
			name = MessagesViewController;
			sourceTree = "<group>";
		};
		1B9999BA1BDDCB1700CC442B /* LoginViewController */ = {
			isa = PBXGroup;
			children = (
				1B9999AB1BDDCAD900CC442B /* LoginViewController.h */,
				1B9999AC1BDDCAD900CC442B /* LoginViewController.m */,
			);
			name = LoginViewController;
			sourceTree = "<group>";
		};
		1B9999BB1BDDCB1E00CC442B /* ChatRoomsViewController */ = {
			isa = PBXGroup;
			children = (
				1B9999A91BDDCAD900CC442B /* ChatRoomsViewController.h */,
				1B9999AA1BDDCAD900CC442B /* ChatRoomsViewController.m */,
				1B9999BC1BDDCB2F00CC442B /* ACRoomTableViewCell */,
			);
			name = ChatRoomsViewController;
			sourceTree = "<group>";
		};
		1B9999BC1BDDCB2F00CC442B /* ACRoomTableViewCell */ = {
			isa = PBXGroup;
			children = (
				1B9999B21BDDCAF900CC442B /* ACRoomTableViewCell.h */,
				1B9999B31BDDCAF900CC442B /* ACRoomTableViewCell.m */,
			);
			name = ACRoomTableViewCell;
			path = ..;
			sourceTree = "<group>";
		};
		3C8659EA32288E2EAA7A8379 /* Frameworks */ = {
			isa = PBXGroup;
			children = (
				1BCEA8FC1BE121850052B063 /* AllychatSDK.framework */,
				FA0C73A71BDFBAE10057CB7D /* Foundation.framework */,
				DEC3ADDD89AA4D5B505F9227 /* libPods-AllychatDemo.a */,
			);
			name = Frameworks;
			sourceTree = "<group>";
		};
		56C09F7C52FEE079AE0C6A07 /* Pods */ = {
			isa = PBXGroup;
			children = (
				C46DE51C45F549D10C8CD731 /* Pods-AllychatDemo.debug.xcconfig */,
				870645A364CE88906CE2C80A /* Pods-AllychatDemo.release.xcconfig */,
			);
			name = Pods;
			sourceTree = "<group>";
		};
/* End PBXGroup section */

/* Begin PBXNativeTarget section */
		1B6D19921BDD4942000E32D4 /* AllychatDemo */ = {
			isa = PBXNativeTarget;
			buildConfigurationList = 1B6D19AA1BDD4943000E32D4 /* Build configuration list for PBXNativeTarget "AllychatDemo" */;
			buildPhases = (
				15F09C830BA5ED49E5377FD0 /* Check Pods Manifest.lock */,
				1B6D198F1BDD4942000E32D4 /* Sources */,
				1B6D19901BDD4942000E32D4 /* Frameworks */,
				1B6D19911BDD4942000E32D4 /* Resources */,
				D98E2BF1F535FAA5E66F4120 /* Embed Pods Frameworks */,
				0F986C2D0B22C0AC9CAE678E /* Copy Pods Resources */,
			);
			buildRules = (
			);
			dependencies = (
			);
			name = AllychatDemo;
			productName = AllychatDemo;
			productReference = 1B6D19931BDD4942000E32D4 /* AllychatDemo.app */;
			productType = "com.apple.product-type.application";
		};
/* End PBXNativeTarget section */

/* Begin PBXProject section */
		1B6D198B1BDD4942000E32D4 /* Project object */ = {
			isa = PBXProject;
			attributes = {
				LastUpgradeCheck = 0710;
				ORGANIZATIONNAME = Octoberry;
				TargetAttributes = {
					1B6D19921BDD4942000E32D4 = {
						CreatedOnToolsVersion = 7.1;
					};
				};
			};
			buildConfigurationList = 1B6D198E1BDD4942000E32D4 /* Build configuration list for PBXProject "AllychatDemo" */;
			compatibilityVersion = "Xcode 3.2";
			developmentRegion = English;
			hasScannedForEncodings = 0;
			knownRegions = (
				en,
				Base,
			);
			mainGroup = 1B6D198A1BDD4942000E32D4;
			productRefGroup = 1B6D19941BDD4942000E32D4 /* Products */;
			projectDirPath = "";
			projectRoot = "";
			targets = (
				1B6D19921BDD4942000E32D4 /* AllychatDemo */,
			);
		};
/* End PBXProject section */

/* Begin PBXResourcesBuildPhase section */
		1B6D19911BDD4942000E32D4 /* Resources */ = {
			isa = PBXResourcesBuildPhase;
			buildActionMask = 2147483647;
			files = (
				1B6D19A61BDD4943000E32D4 /* LaunchScreen.storyboard in Resources */,
				1B6D19A31BDD4943000E32D4 /* Assets.xcassets in Resources */,
				1B6D19A11BDD4943000E32D4 /* Main.storyboard in Resources */,
			);
			runOnlyForDeploymentPostprocessing = 0;
		};
/* End PBXResourcesBuildPhase section */

/* Begin PBXShellScriptBuildPhase section */
		0F986C2D0B22C0AC9CAE678E /* Copy Pods Resources */ = {
			isa = PBXShellScriptBuildPhase;
			buildActionMask = 2147483647;
			files = (
			);
			inputPaths = (
			);
			name = "Copy Pods Resources";
			outputPaths = (
			);
			runOnlyForDeploymentPostprocessing = 0;
			shellPath = /bin/sh;
			shellScript = "\"${SRCROOT}/Pods/Target Support Files/Pods-AllychatDemo/Pods-AllychatDemo-resources.sh\"\n";
			showEnvVarsInLog = 0;
		};
		15F09C830BA5ED49E5377FD0 /* Check Pods Manifest.lock */ = {
			isa = PBXShellScriptBuildPhase;
			buildActionMask = 2147483647;
			files = (
			);
			inputPaths = (
			);
			name = "Check Pods Manifest.lock";
			outputPaths = (
			);
			runOnlyForDeploymentPostprocessing = 0;
			shellPath = /bin/sh;
			shellScript = "diff \"${PODS_ROOT}/../Podfile.lock\" \"${PODS_ROOT}/Manifest.lock\" > /dev/null\nif [[ $? != 0 ]] ; then\n    cat << EOM\nerror: The sandbox is not in sync with the Podfile.lock. Run 'pod install' or update your CocoaPods installation.\nEOM\n    exit 1\nfi\n";
			showEnvVarsInLog = 0;
		};
		D98E2BF1F535FAA5E66F4120 /* Embed Pods Frameworks */ = {
			isa = PBXShellScriptBuildPhase;
			buildActionMask = 2147483647;
			files = (
			);
			inputPaths = (
			);
			name = "Embed Pods Frameworks";
			outputPaths = (
			);
			runOnlyForDeploymentPostprocessing = 0;
			shellPath = /bin/sh;
			shellScript = "\"${SRCROOT}/Pods/Target Support Files/Pods-AllychatDemo/Pods-AllychatDemo-frameworks.sh\"\n";
			showEnvVarsInLog = 0;
		};
/* End PBXShellScriptBuildPhase section */

/* Begin PBXSourcesBuildPhase section */
		1B6D198F1BDD4942000E32D4 /* Sources */ = {
			isa = PBXSourcesBuildPhase;
			buildActionMask = 2147483647;
			files = (
				1B9999B61BDDCAF900CC442B /* ACRoomTableViewCell.m in Sources */,
				1B6D199B1BDD4943000E32D4 /* AppDelegate.m in Sources */,
				1B9999B71BDDCAF900CC442B /* AllyChatMessage.m in Sources */,
				1B9999B11BDDCAD900CC442B /* MessagesViewController.m in Sources */,
				1B6D19981BDD4943000E32D4 /* main.m in Sources */,
				1B9999AF1BDDCAD900CC442B /* ChatRoomsViewController.m in Sources */,
				1B9999B01BDDCAD900CC442B /* LoginViewController.m in Sources */,
			);
			runOnlyForDeploymentPostprocessing = 0;
		};
/* End PBXSourcesBuildPhase section */

/* Begin PBXVariantGroup section */
		1B6D199F1BDD4943000E32D4 /* Main.storyboard */ = {
			isa = PBXVariantGroup;
			children = (
				1B6D19A01BDD4943000E32D4 /* Base */,
			);
			name = Main.storyboard;
			sourceTree = "<group>";
		};
		1B6D19A41BDD4943000E32D4 /* LaunchScreen.storyboard */ = {
			isa = PBXVariantGroup;
			children = (
				1B6D19A51BDD4943000E32D4 /* Base */,
			);
			name = LaunchScreen.storyboard;
			sourceTree = "<group>";
		};
/* End PBXVariantGroup section */

/* Begin XCBuildConfiguration section */
		1B6D19A81BDD4943000E32D4 /* Debug */ = {
			isa = XCBuildConfiguration;
			buildSettings = {
				ALWAYS_SEARCH_USER_PATHS = NO;
				CLANG_CXX_LANGUAGE_STANDARD = "gnu++0x";
				CLANG_CXX_LIBRARY = "libc++";
				CLANG_ENABLE_MODULES = YES;
				CLANG_ENABLE_OBJC_ARC = YES;
				CLANG_WARN_BOOL_CONVERSION = YES;
				CLANG_WARN_CONSTANT_CONVERSION = YES;
				CLANG_WARN_DIRECT_OBJC_ISA_USAGE = YES_ERROR;
				CLANG_WARN_EMPTY_BODY = YES;
				CLANG_WARN_ENUM_CONVERSION = YES;
				CLANG_WARN_INT_CONVERSION = YES;
				CLANG_WARN_OBJC_ROOT_CLASS = YES_ERROR;
				CLANG_WARN_UNREACHABLE_CODE = YES;
				CLANG_WARN__DUPLICATE_METHOD_MATCH = YES;
				"CODE_SIGN_IDENTITY[sdk=iphoneos*]" = "iPhone Developer";
				COPY_PHASE_STRIP = NO;
				DEBUG_INFORMATION_FORMAT = dwarf;
				ENABLE_STRICT_OBJC_MSGSEND = YES;
				ENABLE_TESTABILITY = YES;
				GCC_C_LANGUAGE_STANDARD = gnu99;
				GCC_DYNAMIC_NO_PIC = NO;
				GCC_NO_COMMON_BLOCKS = YES;
				GCC_OPTIMIZATION_LEVEL = 0;
				GCC_PREPROCESSOR_DEFINITIONS = (
					"DEBUG=1",
					"$(inherited)",
				);
				GCC_WARN_64_TO_32_BIT_CONVERSION = YES;
				GCC_WARN_ABOUT_RETURN_TYPE = YES_ERROR;
				GCC_WARN_UNDECLARED_SELECTOR = YES;
				GCC_WARN_UNINITIALIZED_AUTOS = YES_AGGRESSIVE;
				GCC_WARN_UNUSED_FUNCTION = YES;
				GCC_WARN_UNUSED_VARIABLE = YES;
				IPHONEOS_DEPLOYMENT_TARGET = 7.0;
				MTL_ENABLE_DEBUG_INFO = YES;
				ONLY_ACTIVE_ARCH = YES;
				SDKROOT = iphoneos;
				TARGETED_DEVICE_FAMILY = "1,2";
			};
			name = Debug;
		};
		1B6D19A91BDD4943000E32D4 /* Release */ = {
			isa = XCBuildConfiguration;
			buildSettings = {
				ALWAYS_SEARCH_USER_PATHS = NO;
				CLANG_CXX_LANGUAGE_STANDARD = "gnu++0x";
				CLANG_CXX_LIBRARY = "libc++";
				CLANG_ENABLE_MODULES = YES;
				CLANG_ENABLE_OBJC_ARC = YES;
				CLANG_WARN_BOOL_CONVERSION = YES;
				CLANG_WARN_CONSTANT_CONVERSION = YES;
				CLANG_WARN_DIRECT_OBJC_ISA_USAGE = YES_ERROR;
				CLANG_WARN_EMPTY_BODY = YES;
				CLANG_WARN_ENUM_CONVERSION = YES;
				CLANG_WARN_INT_CONVERSION = YES;
				CLANG_WARN_OBJC_ROOT_CLASS = YES_ERROR;
				CLANG_WARN_UNREACHABLE_CODE = YES;
				CLANG_WARN__DUPLICATE_METHOD_MATCH = YES;
				"CODE_SIGN_IDENTITY[sdk=iphoneos*]" = "iPhone Developer";
				COPY_PHASE_STRIP = NO;
				DEBUG_INFORMATION_FORMAT = "dwarf-with-dsym";
				ENABLE_NS_ASSERTIONS = NO;
				ENABLE_STRICT_OBJC_MSGSEND = YES;
				GCC_C_LANGUAGE_STANDARD = gnu99;
				GCC_NO_COMMON_BLOCKS = YES;
				GCC_WARN_64_TO_32_BIT_CONVERSION = YES;
				GCC_WARN_ABOUT_RETURN_TYPE = YES_ERROR;
				GCC_WARN_UNDECLARED_SELECTOR = YES;
				GCC_WARN_UNINITIALIZED_AUTOS = YES_AGGRESSIVE;
				GCC_WARN_UNUSED_FUNCTION = YES;
				GCC_WARN_UNUSED_VARIABLE = YES;
				IPHONEOS_DEPLOYMENT_TARGET = 7.0;
				MTL_ENABLE_DEBUG_INFO = NO;
				SDKROOT = iphoneos;
				TARGETED_DEVICE_FAMILY = "1,2";
				VALIDATE_PRODUCT = YES;
			};
			name = Release;
		};
		1B6D19AB1BDD4943000E32D4 /* Debug */ = {
			isa = XCBuildConfiguration;
			baseConfigurationReference = C46DE51C45F549D10C8CD731 /* Pods-AllychatDemo.debug.xcconfig */;
			buildSettings = {
				ASSETCATALOG_COMPILER_APPICON_NAME = AppIcon;
				FRAMEWORK_SEARCH_PATHS = (
					"$(inherited)",
					"$(PROJECT_DIR)",
				);
				GCC_PREFIX_HEADER = PrefixHeader.pch;
				INFOPLIST_FILE = AllychatDemo/Info.plist;
				LD_RUNPATH_SEARCH_PATHS = "$(inherited) @executable_path/Frameworks";
				PRODUCT_BUNDLE_IDENTIFIER = com.octoberry.AllychatDemo;
				PRODUCT_NAME = "$(TARGET_NAME)";
			};
			name = Debug;
		};
		1B6D19AC1BDD4943000E32D4 /* Release */ = {
			isa = XCBuildConfiguration;
			baseConfigurationReference = 870645A364CE88906CE2C80A /* Pods-AllychatDemo.release.xcconfig */;
			buildSettings = {
				ASSETCATALOG_COMPILER_APPICON_NAME = AppIcon;
				FRAMEWORK_SEARCH_PATHS = (
					"$(inherited)",
					"$(PROJECT_DIR)",
				);
				GCC_PREFIX_HEADER = PrefixHeader.pch;
				INFOPLIST_FILE = AllychatDemo/Info.plist;
				LD_RUNPATH_SEARCH_PATHS = "$(inherited) @executable_path/Frameworks";
				PRODUCT_BUNDLE_IDENTIFIER = com.octoberry.AllychatDemo;
				PRODUCT_NAME = "$(TARGET_NAME)";
			};
			name = Release;
		};
/* End XCBuildConfiguration section */

/* Begin XCConfigurationList section */
		1B6D198E1BDD4942000E32D4 /* Build configuration list for PBXProject "AllychatDemo" */ = {
			isa = XCConfigurationList;
			buildConfigurations = (
				1B6D19A81BDD4943000E32D4 /* Debug */,
				1B6D19A91BDD4943000E32D4 /* Release */,
			);
			defaultConfigurationIsVisible = 0;
			defaultConfigurationName = Release;
		};
		1B6D19AA1BDD4943000E32D4 /* Build configuration list for PBXNativeTarget "AllychatDemo" */ = {
			isa = XCConfigurationList;
			buildConfigurations = (
				1B6D19AB1BDD4943000E32D4 /* Debug */,
				1B6D19AC1BDD4943000E32D4 /* Release */,
			);
			defaultConfigurationIsVisible = 0;
			defaultConfigurationName = Release;
		};
/* End XCConfigurationList section */
	};
	rootObject = 1B6D198B1BDD4942000E32D4 /* Project object */;
}
