// !$*UTF8*$!
{
	archiveVersion = 1;
	classes = {
	};
	objectVersion = 46;
	objects = {

/* Begin PBXBuildFile section */
		1B5E502E1B905699006E522C /* libicucore.dylib in Frameworks */ = {isa = PBXBuildFile; fileRef = 1B5E502D1B905699006E522C /* libicucore.dylib */; };
		1BBA602B1B5FEF44007391CF /* AppDelegate.m in Sources */ = {isa = PBXBuildFile; fileRef = 1BBA602A1B5FEF44007391CF /* AppDelegate.m */; };
		1BBA602E1B5FEF54007391CF /* SharedEngine.m in Sources */ = {isa = PBXBuildFile; fileRef = 1BBA602D1B5FEF54007391CF /* SharedEngine.m */; };
		1BBA60311B5FEF65007391CF /* LoginViewController.m in Sources */ = {isa = PBXBuildFile; fileRef = 1BBA60301B5FEF65007391CF /* LoginViewController.m */; };
		1BBA60341B5FEF6D007391CF /* ChatRoomsViewController.m in Sources */ = {isa = PBXBuildFile; fileRef = 1BBA60331B5FEF6D007391CF /* ChatRoomsViewController.m */; };
		1BBA60371B5FEF78007391CF /* ACRoomTableViewCell.m in Sources */ = {isa = PBXBuildFile; fileRef = 1BBA60361B5FEF78007391CF /* ACRoomTableViewCell.m */; };
		1BBA603A1B5FEF82007391CF /* MessagesViewController.m in Sources */ = {isa = PBXBuildFile; fileRef = 1BBA60391B5FEF82007391CF /* MessagesViewController.m */; };
		1BBA603D1B5FEF8D007391CF /* AllyChatMessage.m in Sources */ = {isa = PBXBuildFile; fileRef = 1BBA603C1B5FEF8D007391CF /* AllyChatMessage.m */; };
		1BBA60431B5FEF9B007391CF /* Info.plist in Resources */ = {isa = PBXBuildFile; fileRef = 1BBA60411B5FEF9B007391CF /* Info.plist */; };
		1BBA60441B5FEF9B007391CF /* main.m in Sources */ = {isa = PBXBuildFile; fileRef = 1BBA60421B5FEF9B007391CF /* main.m */; };
		1BBA60491B5FF02F007391CF /* Main.storyboard in Resources */ = {isa = PBXBuildFile; fileRef = 1BBA60471B5FF02F007391CF /* Main.storyboard */; };
		1BBA604B1B5FF052007391CF /* Images.xcassets in Resources */ = {isa = PBXBuildFile; fileRef = 1BBA604A1B5FF052007391CF /* Images.xcassets */; };
		1BBA604E1B5FF06C007391CF /* LaunchScreen.xib in Resources */ = {isa = PBXBuildFile; fileRef = 1BBA604C1B5FF06C007391CF /* LaunchScreen.xib */; };
		1BDF225F1BA034C400D282E6 /* AChat.framework in Frameworks */ = {isa = PBXBuildFile; fileRef = 1BDF225E1BA034C400D282E6 /* AChat.framework */; };
		550A195716DFD01A13547439 /* libPods-allychat.demo.a in Frameworks */ = {isa = PBXBuildFile; fileRef = CA9758BB1B37F23D518B67D9 /* libPods-allychat.demo.a */; };
/* End PBXBuildFile section */

/* Begin PBXFileReference section */
		1B0298561B55D6460078C038 /* allychat.demo.app */ = {isa = PBXFileReference; explicitFileType = wrapper.application; includeInIndex = 0; path = allychat.demo.app; sourceTree = BUILT_PRODUCTS_DIR; };
		1B5E502D1B905699006E522C /* libicucore.dylib */ = {isa = PBXFileReference; lastKnownFileType = "compiled.mach-o.dylib"; name = libicucore.dylib; path = usr/lib/libicucore.dylib; sourceTree = SDKROOT; };
		1BBA60291B5FEF44007391CF /* AppDelegate.h */ = {isa = PBXFileReference; fileEncoding = 4; lastKnownFileType = sourcecode.c.h; name = AppDelegate.h; path = Classes/AppDelegate.h; sourceTree = SOURCE_ROOT; };
		1BBA602A1B5FEF44007391CF /* AppDelegate.m */ = {isa = PBXFileReference; fileEncoding = 4; lastKnownFileType = sourcecode.c.objc; name = AppDelegate.m; path = Classes/AppDelegate.m; sourceTree = SOURCE_ROOT; };
		1BBA602C1B5FEF54007391CF /* SharedEngine.h */ = {isa = PBXFileReference; fileEncoding = 4; lastKnownFileType = sourcecode.c.h; name = SharedEngine.h; path = Utils/SharedEngine.h; sourceTree = SOURCE_ROOT; };
		1BBA602D1B5FEF54007391CF /* SharedEngine.m */ = {isa = PBXFileReference; fileEncoding = 4; lastKnownFileType = sourcecode.c.objc; name = SharedEngine.m; path = Utils/SharedEngine.m; sourceTree = SOURCE_ROOT; };
		1BBA602F1B5FEF65007391CF /* LoginViewController.h */ = {isa = PBXFileReference; fileEncoding = 4; lastKnownFileType = sourcecode.c.h; name = LoginViewController.h; path = ViewControllers/LoginViewController.h; sourceTree = SOURCE_ROOT; };
		1BBA60301B5FEF65007391CF /* LoginViewController.m */ = {isa = PBXFileReference; fileEncoding = 4; lastKnownFileType = sourcecode.c.objc; name = LoginViewController.m; path = ViewControllers/LoginViewController.m; sourceTree = SOURCE_ROOT; };
		1BBA60321B5FEF6D007391CF /* ChatRoomsViewController.h */ = {isa = PBXFileReference; fileEncoding = 4; lastKnownFileType = sourcecode.c.h; name = ChatRoomsViewController.h; path = ViewControllers/ChatRoomsViewController.h; sourceTree = SOURCE_ROOT; };
		1BBA60331B5FEF6D007391CF /* ChatRoomsViewController.m */ = {isa = PBXFileReference; fileEncoding = 4; lastKnownFileType = sourcecode.c.objc; name = ChatRoomsViewController.m; path = ViewControllers/ChatRoomsViewController.m; sourceTree = SOURCE_ROOT; };
		1BBA60351B5FEF78007391CF /* ACRoomTableViewCell.h */ = {isa = PBXFileReference; fileEncoding = 4; lastKnownFileType = sourcecode.c.h; name = ACRoomTableViewCell.h; path = Classes/ACRoomTableViewCell.h; sourceTree = SOURCE_ROOT; };
		1BBA60361B5FEF78007391CF /* ACRoomTableViewCell.m */ = {isa = PBXFileReference; fileEncoding = 4; lastKnownFileType = sourcecode.c.objc; name = ACRoomTableViewCell.m; path = Classes/ACRoomTableViewCell.m; sourceTree = SOURCE_ROOT; };
		1BBA60381B5FEF82007391CF /* MessagesViewController.h */ = {isa = PBXFileReference; fileEncoding = 4; lastKnownFileType = sourcecode.c.h; name = MessagesViewController.h; path = ViewControllers/MessagesViewController.h; sourceTree = SOURCE_ROOT; };
		1BBA60391B5FEF82007391CF /* MessagesViewController.m */ = {isa = PBXFileReference; fileEncoding = 4; lastKnownFileType = sourcecode.c.objc; name = MessagesViewController.m; path = ViewControllers/MessagesViewController.m; sourceTree = SOURCE_ROOT; };
		1BBA603B1B5FEF8D007391CF /* AllyChatMessage.h */ = {isa = PBXFileReference; fileEncoding = 4; lastKnownFileType = sourcecode.c.h; name = AllyChatMessage.h; path = Classes/AllyChatMessage.h; sourceTree = SOURCE_ROOT; };
		1BBA603C1B5FEF8D007391CF /* AllyChatMessage.m */ = {isa = PBXFileReference; fileEncoding = 4; lastKnownFileType = sourcecode.c.objc; name = AllyChatMessage.m; path = Classes/AllyChatMessage.m; sourceTree = SOURCE_ROOT; };
		1BBA60411B5FEF9B007391CF /* Info.plist */ = {isa = PBXFileReference; fileEncoding = 4; lastKnownFileType = text.plist.xml; name = Info.plist; path = Classes/Info.plist; sourceTree = SOURCE_ROOT; };
		1BBA60421B5FEF9B007391CF /* main.m */ = {isa = PBXFileReference; fileEncoding = 4; lastKnownFileType = sourcecode.c.objc; name = main.m; path = Classes/main.m; sourceTree = SOURCE_ROOT; };
		1BBA60481B5FF02F007391CF /* Base */ = {isa = PBXFileReference; lastKnownFileType = file.storyboard; name = Base; path = Base.lproj/Main.storyboard; sourceTree = SOURCE_ROOT; };
		1BBA604A1B5FF052007391CF /* Images.xcassets */ = {isa = PBXFileReference; lastKnownFileType = folder.assetcatalog; path = Images.xcassets; sourceTree = SOURCE_ROOT; };
		1BBA604D1B5FF06C007391CF /* Base */ = {isa = PBXFileReference; lastKnownFileType = file.xib; name = Base; path = Base.lproj/LaunchScreen.xib; sourceTree = SOURCE_ROOT; };
		1BDF225E1BA034C400D282E6 /* AChat.framework */ = {isa = PBXFileReference; lastKnownFileType = wrapper.framework; path = AChat.framework; sourceTree = "<group>"; };
		6D33B8193354B087CB3480EF /* Pods-allychat.demo.release.xcconfig */ = {isa = PBXFileReference; includeInIndex = 1; lastKnownFileType = text.xcconfig; name = "Pods-allychat.demo.release.xcconfig"; path = "Pods/Target Support Files/Pods-allychat.demo/Pods-allychat.demo.release.xcconfig"; sourceTree = "<group>"; };
		87C5E41DAACBF1334A26EC57 /* Pods-allychat.demo.debug.xcconfig */ = {isa = PBXFileReference; includeInIndex = 1; lastKnownFileType = text.xcconfig; name = "Pods-allychat.demo.debug.xcconfig"; path = "Pods/Target Support Files/Pods-allychat.demo/Pods-allychat.demo.debug.xcconfig"; sourceTree = "<group>"; };
		CA9758BB1B37F23D518B67D9 /* libPods-allychat.demo.a */ = {isa = PBXFileReference; explicitFileType = archive.ar; includeInIndex = 0; path = "libPods-allychat.demo.a"; sourceTree = BUILT_PRODUCTS_DIR; };
/* End PBXFileReference section */

/* Begin PBXFrameworksBuildPhase section */
		1B0298531B55D6460078C038 /* Frameworks */ = {
			isa = PBXFrameworksBuildPhase;
			buildActionMask = 2147483647;
			files = (
				1BDF225F1BA034C400D282E6 /* AChat.framework in Frameworks */,
				1B5E502E1B905699006E522C /* libicucore.dylib in Frameworks */,
				550A195716DFD01A13547439 /* libPods-allychat.demo.a in Frameworks */,
			);
			runOnlyForDeploymentPostprocessing = 0;
		};
/* End PBXFrameworksBuildPhase section */

/* Begin PBXGroup section */
		1B02984D1B55D6460078C038 = {
			isa = PBXGroup;
			children = (
				1B0298581B55D6460078C038 /* AChatDemo */,
				1B0298571B55D6460078C038 /* Products */,
				C02F9307F9ED7D2E84518E21 /* Frameworks */,
				3D0FB181161FC29FBC8BC793 /* Pods */,
			);
			sourceTree = "<group>";
		};
		1B0298571B55D6460078C038 /* Products */ = {
			isa = PBXGroup;
			children = (
				1B0298561B55D6460078C038 /* allychat.demo.app */,
			);
			name = Products;
			sourceTree = "<group>";
		};
		1B0298581B55D6460078C038 /* AChatDemo */ = {
			isa = PBXGroup;
			children = (
				1BBA604A1B5FF052007391CF /* Images.xcassets */,
				1B7EDBD61B55D7F800A0CC3D /* Utils */,
				1BBA60291B5FEF44007391CF /* AppDelegate.h */,
				1BBA602A1B5FEF44007391CF /* AppDelegate.m */,
				1B7EDBE01B55E62B00A0CC3D /* LoginViewController */,
				1B7EDBDF1B55E62400A0CC3D /* ChatRoomsViewController */,
				1B7EDBD81B55E34000A0CC3D /* MessagesViewController */,
				1BBA604C1B5FF06C007391CF /* LaunchScreen.xib */,
				1BBA60471B5FF02F007391CF /* Main.storyboard */,
				1B0298591B55D6460078C038 /* Supporting Files */,
			);
			path = AChatDemo;
			sourceTree = "<group>";
		};
		1B0298591B55D6460078C038 /* Supporting Files */ = {
			isa = PBXGroup;
			children = (
				1BBA60411B5FEF9B007391CF /* Info.plist */,
				1BBA60421B5FEF9B007391CF /* main.m */,
			);
			name = "Supporting Files";
			sourceTree = "<group>";
		};
		1B355A741B593B240076A3DC /* AllyChatMessage */ = {
			isa = PBXGroup;
			children = (
				1BBA603B1B5FEF8D007391CF /* AllyChatMessage.h */,
				1BBA603C1B5FEF8D007391CF /* AllyChatMessage.m */,
			);
			name = AllyChatMessage;
			sourceTree = "<group>";
		};
		1B44A1FD1B589130008DC1B1 /* ACRoomTableViewCell */ = {
			isa = PBXGroup;
			children = (
				1BBA60351B5FEF78007391CF /* ACRoomTableViewCell.h */,
				1BBA60361B5FEF78007391CF /* ACRoomTableViewCell.m */,
			);
			name = ACRoomTableViewCell;
			sourceTree = "<group>";
		};
		1B7EDBD61B55D7F800A0CC3D /* Utils */ = {
			isa = PBXGroup;
			children = (
				1BBA602C1B5FEF54007391CF /* SharedEngine.h */,
				1BBA602D1B5FEF54007391CF /* SharedEngine.m */,
			);
			name = Utils;
			sourceTree = "<group>";
		};
		1B7EDBD81B55E34000A0CC3D /* MessagesViewController */ = {
			isa = PBXGroup;
			children = (
				1BBA60381B5FEF82007391CF /* MessagesViewController.h */,
				1BBA60391B5FEF82007391CF /* MessagesViewController.m */,
				1B355A741B593B240076A3DC /* AllyChatMessage */,
			);
			name = MessagesViewController;
			sourceTree = "<group>";
		};
		1B7EDBDF1B55E62400A0CC3D /* ChatRoomsViewController */ = {
			isa = PBXGroup;
			children = (
				1BBA60321B5FEF6D007391CF /* ChatRoomsViewController.h */,
				1BBA60331B5FEF6D007391CF /* ChatRoomsViewController.m */,
				1B44A1FD1B589130008DC1B1 /* ACRoomTableViewCell */,
			);
			name = ChatRoomsViewController;
			sourceTree = "<group>";
		};
		1B7EDBE01B55E62B00A0CC3D /* LoginViewController */ = {
			isa = PBXGroup;
			children = (
				1BBA602F1B5FEF65007391CF /* LoginViewController.h */,
				1BBA60301B5FEF65007391CF /* LoginViewController.m */,
			);
			name = LoginViewController;
			sourceTree = "<group>";
		};
		3D0FB181161FC29FBC8BC793 /* Pods */ = {
			isa = PBXGroup;
			children = (
				87C5E41DAACBF1334A26EC57 /* Pods-allychat.demo.debug.xcconfig */,
				6D33B8193354B087CB3480EF /* Pods-allychat.demo.release.xcconfig */,
			);
			name = Pods;
			sourceTree = "<group>";
		};
		C02F9307F9ED7D2E84518E21 /* Frameworks */ = {
			isa = PBXGroup;
			children = (
				1BDF225E1BA034C400D282E6 /* AChat.framework */,
				1B5E502D1B905699006E522C /* libicucore.dylib */,
				CA9758BB1B37F23D518B67D9 /* libPods-allychat.demo.a */,
			);
			name = Frameworks;
			sourceTree = "<group>";
		};
/* End PBXGroup section */

/* Begin PBXNativeTarget section */
		1B0298551B55D6460078C038 /* allychat.demo */ = {
			isa = PBXNativeTarget;
			buildConfigurationList = 1B0298791B55D6460078C038 /* Build configuration list for PBXNativeTarget "allychat.demo" */;
			buildPhases = (
				0FA19DBC2E4F646826BB918A /* Check Pods Manifest.lock */,
				1B0298521B55D6460078C038 /* Sources */,
				1B0298531B55D6460078C038 /* Frameworks */,
				1B0298541B55D6460078C038 /* Resources */,
				F6C955E22DB51FF6E4DBA08A /* Copy Pods Resources */,
			);
			buildRules = (
			);
			dependencies = (
			);
			name = allychat.demo;
			productName = AChatDemo;
			productReference = 1B0298561B55D6460078C038 /* allychat.demo.app */;
			productType = "com.apple.product-type.application";
		};
/* End PBXNativeTarget section */

/* Begin PBXProject section */
		1B02984E1B55D6460078C038 /* Project object */ = {
			isa = PBXProject;
			attributes = {
				LastUpgradeCheck = 0640;
				ORGANIZATIONNAME = Octoberry;
				TargetAttributes = {
					1B0298551B55D6460078C038 = {
						CreatedOnToolsVersion = 6.4;
					};
				};
			};
			buildConfigurationList = 1B0298511B55D6460078C038 /* Build configuration list for PBXProject "allychat.demo" */;
			compatibilityVersion = "Xcode 3.2";
			developmentRegion = English;
			hasScannedForEncodings = 0;
			knownRegions = (
				en,
				Base,
			);
			mainGroup = 1B02984D1B55D6460078C038;
			productRefGroup = 1B0298571B55D6460078C038 /* Products */;
			projectDirPath = "";
			projectRoot = "";
			targets = (
				1B0298551B55D6460078C038 /* allychat.demo */,
			);
		};
/* End PBXProject section */

/* Begin PBXResourcesBuildPhase section */
		1B0298541B55D6460078C038 /* Resources */ = {
			isa = PBXResourcesBuildPhase;
			buildActionMask = 2147483647;
			files = (
				1BBA604E1B5FF06C007391CF /* LaunchScreen.xib in Resources */,
				1BBA60431B5FEF9B007391CF /* Info.plist in Resources */,
				1BBA604B1B5FF052007391CF /* Images.xcassets in Resources */,
				1BBA60491B5FF02F007391CF /* Main.storyboard in Resources */,
			);
			runOnlyForDeploymentPostprocessing = 0;
		};
/* End PBXResourcesBuildPhase section */

/* Begin PBXShellScriptBuildPhase section */
		0FA19DBC2E4F646826BB918A /* Check Pods Manifest.lock */ = {
			isa = PBXShellScriptBuildPhase;
			buildActionMask = 2147483647;
			files = (
			);
			inputPaths = (
			);
			name = "Check Pods Manifest.lock";
			outputPaths = (
			);
			runOnlyForDeploymentPostprocessing = 0;
			shellPath = /bin/sh;
			shellScript = "diff \"${PODS_ROOT}/../Podfile.lock\" \"${PODS_ROOT}/Manifest.lock\" > /dev/null\nif [[ $? != 0 ]] ; then\n    cat << EOM\nerror: The sandbox is not in sync with the Podfile.lock. Run 'pod install' or update your CocoaPods installation.\nEOM\n    exit 1\nfi\n";
			showEnvVarsInLog = 0;
		};
		F6C955E22DB51FF6E4DBA08A /* Copy Pods Resources */ = {
			isa = PBXShellScriptBuildPhase;
			buildActionMask = 2147483647;
			files = (
			);
			inputPaths = (
			);
			name = "Copy Pods Resources";
			outputPaths = (
			);
			runOnlyForDeploymentPostprocessing = 0;
			shellPath = /bin/sh;
			shellScript = "\"${SRCROOT}/Pods/Target Support Files/Pods-allychat.demo/Pods-allychat.demo-resources.sh\"\n";
			showEnvVarsInLog = 0;
		};
/* End PBXShellScriptBuildPhase section */

/* Begin PBXSourcesBuildPhase section */
		1B0298521B55D6460078C038 /* Sources */ = {
			isa = PBXSourcesBuildPhase;
			buildActionMask = 2147483647;
			files = (
				1BBA602E1B5FEF54007391CF /* SharedEngine.m in Sources */,
				1BBA60371B5FEF78007391CF /* ACRoomTableViewCell.m in Sources */,
				1BBA603D1B5FEF8D007391CF /* AllyChatMessage.m in Sources */,
				1BBA60311B5FEF65007391CF /* LoginViewController.m in Sources */,
				1BBA602B1B5FEF44007391CF /* AppDelegate.m in Sources */,
				1BBA603A1B5FEF82007391CF /* MessagesViewController.m in Sources */,
				1BBA60441B5FEF9B007391CF /* main.m in Sources */,
				1BBA60341B5FEF6D007391CF /* ChatRoomsViewController.m in Sources */,
			);
			runOnlyForDeploymentPostprocessing = 0;
		};
/* End PBXSourcesBuildPhase section */

/* Begin PBXVariantGroup section */
		1BBA60471B5FF02F007391CF /* Main.storyboard */ = {
			isa = PBXVariantGroup;
			children = (
				1BBA60481B5FF02F007391CF /* Base */,
			);
			name = Main.storyboard;
			sourceTree = "<group>";
		};
		1BBA604C1B5FF06C007391CF /* LaunchScreen.xib */ = {
			isa = PBXVariantGroup;
			children = (
				1BBA604D1B5FF06C007391CF /* Base */,
			);
			name = LaunchScreen.xib;
			sourceTree = "<group>";
		};
/* End PBXVariantGroup section */

/* Begin XCBuildConfiguration section */
		1B0298771B55D6460078C038 /* Debug */ = {
			isa = XCBuildConfiguration;
			buildSettings = {
				ALWAYS_SEARCH_USER_PATHS = NO;
				CLANG_CXX_LANGUAGE_STANDARD = "gnu++0x";
				CLANG_CXX_LIBRARY = "libc++";
				CLANG_ENABLE_MODULES = YES;
				CLANG_ENABLE_OBJC_ARC = YES;
				CLANG_WARN_BOOL_CONVERSION = YES;
				CLANG_WARN_CONSTANT_CONVERSION = YES;
				CLANG_WARN_DIRECT_OBJC_ISA_USAGE = YES_ERROR;
				CLANG_WARN_EMPTY_BODY = YES;
				CLANG_WARN_ENUM_CONVERSION = YES;
				CLANG_WARN_INT_CONVERSION = YES;
				CLANG_WARN_OBJC_ROOT_CLASS = YES_ERROR;
				CLANG_WARN_UNREACHABLE_CODE = YES;
				CLANG_WARN__DUPLICATE_METHOD_MATCH = YES;
				CODE_SIGN_IDENTITY = "iPhone Developer";
				"CODE_SIGN_IDENTITY[sdk=iphoneos*]" = "iPhone Developer";
				COPY_PHASE_STRIP = NO;
				DEBUG_INFORMATION_FORMAT = "dwarf-with-dsym";
				ENABLE_STRICT_OBJC_MSGSEND = YES;
				GCC_C_LANGUAGE_STANDARD = gnu99;
				GCC_DYNAMIC_NO_PIC = NO;
				GCC_NO_COMMON_BLOCKS = YES;
				GCC_OPTIMIZATION_LEVEL = 0;
				GCC_PREPROCESSOR_DEFINITIONS = (
					"DEBUG=1",
					"$(inherited)",
				);
				GCC_SYMBOLS_PRIVATE_EXTERN = NO;
				GCC_WARN_64_TO_32_BIT_CONVERSION = YES;
				GCC_WARN_ABOUT_RETURN_TYPE = YES_ERROR;
				GCC_WARN_UNDECLARED_SELECTOR = YES;
				GCC_WARN_UNINITIALIZED_AUTOS = YES_AGGRESSIVE;
				GCC_WARN_UNUSED_FUNCTION = YES;
				GCC_WARN_UNUSED_VARIABLE = YES;
				IPHONEOS_DEPLOYMENT_TARGET = 7.1;
				MTL_ENABLE_DEBUG_INFO = YES;
				ONLY_ACTIVE_ARCH = YES;
				PROVISIONING_PROFILE = "";
				SDKROOT = iphoneos;
				TARGETED_DEVICE_FAMILY = "1,2";
			};
			name = Debug;
		};
		1B0298781B55D6460078C038 /* Release */ = {
			isa = XCBuildConfiguration;
			buildSettings = {
				ALWAYS_SEARCH_USER_PATHS = NO;
				CLANG_CXX_LANGUAGE_STANDARD = "gnu++0x";
				CLANG_CXX_LIBRARY = "libc++";
				CLANG_ENABLE_MODULES = YES;
				CLANG_ENABLE_OBJC_ARC = YES;
				CLANG_WARN_BOOL_CONVERSION = YES;
				CLANG_WARN_CONSTANT_CONVERSION = YES;
				CLANG_WARN_DIRECT_OBJC_ISA_USAGE = YES_ERROR;
				CLANG_WARN_EMPTY_BODY = YES;
				CLANG_WARN_ENUM_CONVERSION = YES;
				CLANG_WARN_INT_CONVERSION = YES;
				CLANG_WARN_OBJC_ROOT_CLASS = YES_ERROR;
				CLANG_WARN_UNREACHABLE_CODE = YES;
				CLANG_WARN__DUPLICATE_METHOD_MATCH = YES;
				CODE_SIGN_IDENTITY = "iPhone Distribution";
				"CODE_SIGN_IDENTITY[sdk=iphoneos*]" = "iPhone Distribution";
				COPY_PHASE_STRIP = NO;
				DEBUG_INFORMATION_FORMAT = "dwarf-with-dsym";
				ENABLE_NS_ASSERTIONS = NO;
				ENABLE_STRICT_OBJC_MSGSEND = YES;
				GCC_C_LANGUAGE_STANDARD = gnu99;
				GCC_NO_COMMON_BLOCKS = YES;
				GCC_WARN_64_TO_32_BIT_CONVERSION = YES;
				GCC_WARN_ABOUT_RETURN_TYPE = YES_ERROR;
				GCC_WARN_UNDECLARED_SELECTOR = YES;
				GCC_WARN_UNINITIALIZED_AUTOS = YES_AGGRESSIVE;
				GCC_WARN_UNUSED_FUNCTION = YES;
				GCC_WARN_UNUSED_VARIABLE = YES;
				IPHONEOS_DEPLOYMENT_TARGET = 7.1;
				MTL_ENABLE_DEBUG_INFO = NO;
				PROVISIONING_PROFILE = "";
				SDKROOT = iphoneos;
				TARGETED_DEVICE_FAMILY = "1,2";
				VALIDATE_PRODUCT = YES;
			};
			name = Release;
		};
		1B02987A1B55D6460078C038 /* Debug */ = {
			isa = XCBuildConfiguration;
			baseConfigurationReference = 87C5E41DAACBF1334A26EC57 /* Pods-allychat.demo.debug.xcconfig */;
			buildSettings = {
				ASSETCATALOG_COMPILER_APPICON_NAME = AppIcon;
				CODE_SIGN_IDENTITY = "iPhone Developer";
				"CODE_SIGN_IDENTITY[sdk=iphoneos*]" = "iPhone Developer";
				FRAMEWORK_SEARCH_PATHS = (
					"$(inherited)",
					"$(PROJECT_DIR)",
					"/Users/alexandrturyev/Documents/BitBucket/octoberry/allychat-ios-sdk",
				);
				INFOPLIST_FILE = "$(SRCROOT)/Classes/Info.plist";
				LD_RUNPATH_SEARCH_PATHS = "$(inherited) @executable_path/Frameworks";
				LIBRARY_SEARCH_PATHS = "$(inherited)";
				PRODUCT_NAME = allychat.demo;
				PROVISIONING_PROFILE = "";
			};
			name = Debug;
		};
		1B02987B1B55D6460078C038 /* Release */ = {
			isa = XCBuildConfiguration;
			baseConfigurationReference = 6D33B8193354B087CB3480EF /* Pods-allychat.demo.release.xcconfig */;
			buildSettings = {
				ASSETCATALOG_COMPILER_APPICON_NAME = AppIcon;
				CODE_SIGN_IDENTITY = "iPhone Distribution";
				FRAMEWORK_SEARCH_PATHS = (
					"$(inherited)",
					"$(PROJECT_DIR)",
					"/Users/alexandrturyev/Documents/BitBucket/octoberry/allychat-ios-sdk",
				);
				INFOPLIST_FILE = "$(SRCROOT)/Classes/Info.plist";
				LD_RUNPATH_SEARCH_PATHS = "$(inherited) @executable_path/Frameworks";
				LIBRARY_SEARCH_PATHS = "$(inherited)";
				PRODUCT_NAME = allychat.demo;
				PROVISIONING_PROFILE = "";
			};
			name = Release;
		};
/* End XCBuildConfiguration section */

/* Begin XCConfigurationList section */
		1B0298511B55D6460078C038 /* Build configuration list for PBXProject "allychat.demo" */ = {
			isa = XCConfigurationList;
			buildConfigurations = (
				1B0298771B55D6460078C038 /* Debug */,
				1B0298781B55D6460078C038 /* Release */,
			);
			defaultConfigurationIsVisible = 0;
			defaultConfigurationName = Release;
		};
		1B0298791B55D6460078C038 /* Build configuration list for PBXNativeTarget "allychat.demo" */ = {
			isa = XCConfigurationList;
			buildConfigurations = (
				1B02987A1B55D6460078C038 /* Debug */,
				1B02987B1B55D6460078C038 /* Release */,
			);
			defaultConfigurationIsVisible = 0;
			defaultConfigurationName = Release;
		};
/* End XCConfigurationList section */
	};
	rootObject = 1B02984E1B55D6460078C038 /* Project object */;
}
